
Microsoft Visual Studio Solution File, Format Version 12.00
# Visual Studio Version 17
VisualStudioVersion = 17.0.32014.148
MinimumVisualStudioVersion = 10.0.40219.1
Project("{FAE04EC0-301F-11D3-BF4B-00C04F79EFBC}") = "Example", "Example\Example.csproj", "{60B182BA-A155-4FB9-8A58-07A15767CC61}"
EndProject
Project("{FAE04EC0-301F-11D3-BF4B-00C04F79EFBC}") = "Core", "Core\Core.csproj", "{45FE381E-1EC7-4BA6-8422-B69A5958BB25}"
EndProject
Global
	GlobalSection(SolutionConfigurationPlatforms) = preSolution
		Debug|Any CPU = Debug|Any CPU
		Release|Any CPU = Release|Any CPU
	EndGlobalSection
	GlobalSection(ProjectConfigurationPlatforms) = postSolution
		{60B182BA-A155-4FB9-8A58-07A15767CC61}.Debug|Any CPU.ActiveCfg = Debug|Any CPU
		{60B182BA-A155-4FB9-8A58-07A15767CC61}.Debug|Any CPU.Build.0 = Debug|Any CPU
		{60B182BA-A155-4FB9-8A58-07A15767CC61}.Release|Any CPU.ActiveCfg = Release|Any CPU
		{60B182BA-A155-4FB9-8A58-07A15767CC61}.Release|Any CPU.Build.0 = Release|Any CPU
		{45FE381E-1EC7-4BA6-8422-B69A5958BB25}.Debug|Any CPU.ActiveCfg = Debug|Any CPU
		{45FE381E-1EC7-4BA6-8422-B69A5958BB25}.Debug|Any CPU.Build.0 = Debug|Any CPU
		{45FE381E-1EC7-4BA6-8422-B69A5958BB25}.Release|Any CPU.ActiveCfg = Release|Any CPU
		{45FE381E-1EC7-4BA6-8422-B69A5958BB25}.Release|Any CPU.Build.0 = Release|Any CPU
	EndGlobalSection
	GlobalSection(SolutionProperties) = preSolution
		HideSolutionNode = FALSE
	EndGlobalSection
	GlobalSection(ExtensibilityGlobals) = postSolution
		SolutionGuid = {C73C4F32-C9D0-4ADB-A158-21F46A6D9FED}
	EndGlobalSection
EndGlobal
